{
  "name": "ghost-meet",
  "version": "1.0.0",
  "lockfileVersion": 2,
  "requires": true,
  "packages": {
    "": {
      "name": "ghost-meet",
      "version": "1.0.0",
      "license": "ISC",
      "dependencies": {
        "axios": "^1.4.0",
        "dotenv": "^16.3.1",
        "express": "^4.18.2",
        "form-data": "^4.0.0",
        "fs-extra": "^11.1.1",
        "ngrok": "^5.0.0-beta.2",
        "puppeteer": "^20.7.3",
        "telegraf": "^4.12.2",
        "fluent-ffmpeg": "^2.1.2"
      }
    }
  }
}